
Microsoft Visual Studio Solution File, Format Version 12.00
# Visual Studio Version 17
VisualStudioVersion = 17.6.33706.43
MinimumVisualStudioVersion = 10.0.40219.1
Project("{FAE04EC0-301F-11D3-BF4B-00C04F79EFBC}") = "AuthInASP.NET", "AuthInASP.NET\AuthInASP.NET.csproj", "{B92D50E3-832C-4690-A15B-A73D32C9187D}"
EndProject
Global
	GlobalSection(SolutionConfigurationPlatforms) = preSolution
		Debug|Any CPU = Debug|Any CPU
		Release|Any CPU = Release|Any CPU
	EndGlobalSection
	GlobalSection(ProjectConfigurationPlatforms) = postSolution
		{B92D50E3-832C-4690-A15B-A73D32C9187D}.Debug|Any CPU.ActiveCfg = Debug|Any CPU
		{B92D50E3-832C-4690-A15B-A73D32C9187D}.Debug|Any CPU.Build.0 = Debug|Any CPU
		{B92D50E3-832C-4690-A15B-A73D32C9187D}.Release|Any CPU.ActiveCfg = Release|Any CPU
		{B92D50E3-832C-4690-A15B-A73D32C9187D}.Release|Any CPU.Build.0 = Release|Any CPU
	EndGlobalSection
	GlobalSection(SolutionProperties) = preSolution
		HideSolutionNode = FALSE
	EndGlobalSection
	GlobalSection(ExtensibilityGlobals) = postSolution
		SolutionGuid = {CEB230E0-0CB8-43C4-9D18-6CA0E01C5A69}
	EndGlobalSection
EndGlobal
